PODS:
  - AmazonIVSBroadcast (1.30.0):
    - AmazonIVSBroadcast/Core (= 1.30.0)
  - AmazonIVSBroadcast/Core (1.30.0)

DEPENDENCIES:
  - AmazonIVSBroadcast (~> 1.30)

SPEC REPOS:
  https://github.com/CocoaPods/Specs.git:
    - AmazonIVSBroadcast

SPEC CHECKSUMS:
  AmazonIVSBroadcast: 8549ba4be7bed7e78f67292f264f7e9492b42d18

PODFILE CHECKSUM: e1c7361e8d1ed37a6bbe3bd008c30ddcd3067196

COCOAPODS: 1.16.2
