PODS:
  - AmazonIVSBroadcast (1.35.0):
    - AmazonIVSBroadcast/Core (= 1.35.0)
  - AmazonIVSBroadcast/Core (1.35.0)

DEPENDENCIES:
  - AmazonIVSBroadcast (~> 1.35.0)

SPEC REPOS:
  https://github.com/CocoaPods/Specs.git:
    - AmazonIVSBroadcast

SPEC CHECKSUMS:
  AmazonIVSBroadcast: 8bd41304fe0ab391d9ce175912dfc98cfc5bdfac

PODFILE CHECKSUM: a625fdd43e7c9e4f8acabe3a83fc3f1f320275bb

COCOAPODS: 1.16.2
